{
  "requires": true,
  "lockfileVersion": 1,
  "dependencies": {
    "charset": {
      "version": "1.0.1",
      "resolved": "https://registry.npmjs.org/charset/-/charset-1.0.1.tgz",
      "integrity": "sha512-6dVyOOYjpfFcL1Y4qChrAoQLRHvj2ziyhcm0QJlhOcAhykL/k1kTUPbeo+87MNRTRdk2OIIsIXbuF3x2wi5EXg=="
    },
    "oracledb": {
      "version": "2.0.15",
      "resolved": "https://registry.npmjs.org/oracledb/-/oracledb-2.0.15.tgz",
      "integrity": "sha1-9+IBtp+ngjUIFV6fNKumXVdCbx0="
    }
  }
}
